
Microsoft Visual Studio Solution File, Format Version 12.00
Project("{FAE04EC0-301F-11D3-BF4B-00C04F79EFBC}") = "Rubiconmp.DA", "Rubiconmp.DA\Rubiconmp.DA.csproj", "{8B2E9982-FA53-47FB-A6FC-9F3B63A24668}"
EndProject
Project("{FAE04EC0-301F-11D3-BF4B-00C04F79EFBC}") = "Rubiconmp.BL", "Rubiconmp.BL\Rubiconmp.BL.csproj", "{D7DB63F7-F027-4A8D-A0A0-B0598C4058F6}"
EndProject
Project("{FAE04EC0-301F-11D3-BF4B-00C04F79EFBC}") = "Rubiconmp.API", "Rubiconmp.API\Rubiconmp.API.csproj", "{C0046EC7-C101-4C38-AA45-A9D8731194F5}"
EndProject
Project("{FAE04EC0-301F-11D3-BF4B-00C04F79EFBC}") = "Rubiconmp.Tests", "Rubiconmp.Tests\Rubiconmp.Tests.csproj", "{0FAF0FAA-7E1B-45C1-9591-B7ADE78F7BB3}"
EndProject
Global
	GlobalSection(SolutionConfigurationPlatforms) = preSolution
		Debug|Any CPU = Debug|Any CPU
		Release|Any CPU = Release|Any CPU
	EndGlobalSection
	GlobalSection(ProjectConfigurationPlatforms) = postSolution
		{8B2E9982-FA53-47FB-A6FC-9F3B63A24668}.Debug|Any CPU.ActiveCfg = Debug|Any CPU
		{8B2E9982-FA53-47FB-A6FC-9F3B63A24668}.Debug|Any CPU.Build.0 = Debug|Any CPU
		{8B2E9982-FA53-47FB-A6FC-9F3B63A24668}.Release|Any CPU.ActiveCfg = Release|Any CPU
		{8B2E9982-FA53-47FB-A6FC-9F3B63A24668}.Release|Any CPU.Build.0 = Release|Any CPU
		{D7DB63F7-F027-4A8D-A0A0-B0598C4058F6}.Debug|Any CPU.ActiveCfg = Debug|Any CPU
		{D7DB63F7-F027-4A8D-A0A0-B0598C4058F6}.Debug|Any CPU.Build.0 = Debug|Any CPU
		{D7DB63F7-F027-4A8D-A0A0-B0598C4058F6}.Release|Any CPU.ActiveCfg = Release|Any CPU
		{D7DB63F7-F027-4A8D-A0A0-B0598C4058F6}.Release|Any CPU.Build.0 = Release|Any CPU
		{C0046EC7-C101-4C38-AA45-A9D8731194F5}.Debug|Any CPU.ActiveCfg = Debug|Any CPU
		{C0046EC7-C101-4C38-AA45-A9D8731194F5}.Debug|Any CPU.Build.0 = Debug|Any CPU
		{C0046EC7-C101-4C38-AA45-A9D8731194F5}.Release|Any CPU.ActiveCfg = Release|Any CPU
		{C0046EC7-C101-4C38-AA45-A9D8731194F5}.Release|Any CPU.Build.0 = Release|Any CPU
		{0FAF0FAA-7E1B-45C1-9591-B7ADE78F7BB3}.Debug|Any CPU.ActiveCfg = Debug|Any CPU
		{0FAF0FAA-7E1B-45C1-9591-B7ADE78F7BB3}.Debug|Any CPU.Build.0 = Debug|Any CPU
		{0FAF0FAA-7E1B-45C1-9591-B7ADE78F7BB3}.Release|Any CPU.ActiveCfg = Release|Any CPU
		{0FAF0FAA-7E1B-45C1-9591-B7ADE78F7BB3}.Release|Any CPU.Build.0 = Release|Any CPU
	EndGlobalSection
EndGlobal
